
Microsoft Visual Studio Solution File, Format Version 12.00
# Visual Studio Version 17
VisualStudioVersion = 17.3.32819.101
MinimumVisualStudioVersion = 10.0.40219.1
Project("{FAE04EC0-301F-11D3-BF4B-00C04F79EFBC}") = "ClassAndObject", "ClassAndObject\ClassAndObject.csproj", "{F491FC1C-05EE-4830-92D4-A7086932900A}"
EndProject
Project("{FAE04EC0-301F-11D3-BF4B-00C04F79EFBC}") = "Assembly1", "Assembly1\Assembly1.csproj", "{95FAA409-BA88-4AD4-BEC5-E9B71A18846D}"
EndProject
Project("{FAE04EC0-301F-11D3-BF4B-00C04F79EFBC}") = "Assembly2", "Assembly2\Assembly2.csproj", "{72F0F3C2-46CB-42A6-9185-B19676A57A7F}"
EndProject
Project("{FAE04EC0-301F-11D3-BF4B-00C04F79EFBC}") = "DefConstructor", "DefConstructor\DefConstructor.csproj", "{3AD59D6A-7743-493C-8928-894D8F0936C8}"
EndProject
Project("{FAE04EC0-301F-11D3-BF4B-00C04F79EFBC}") = "StaticAndPrivateConstr", "StaticAndPrivateConstr\StaticAndPrivateConstr.csproj", "{A5DA9C25-3F83-4C88-92B8-20EB34A4DE9B}"
EndProject
Global
	GlobalSection(SolutionConfigurationPlatforms) = preSolution
		Debug|Any CPU = Debug|Any CPU
		Release|Any CPU = Release|Any CPU
	EndGlobalSection
	GlobalSection(ProjectConfigurationPlatforms) = postSolution
		{F491FC1C-05EE-4830-92D4-A7086932900A}.Debug|Any CPU.ActiveCfg = Debug|Any CPU
		{F491FC1C-05EE-4830-92D4-A7086932900A}.Debug|Any CPU.Build.0 = Debug|Any CPU
		{F491FC1C-05EE-4830-92D4-A7086932900A}.Release|Any CPU.ActiveCfg = Release|Any CPU
		{F491FC1C-05EE-4830-92D4-A7086932900A}.Release|Any CPU.Build.0 = Release|Any CPU
		{95FAA409-BA88-4AD4-BEC5-E9B71A18846D}.Debug|Any CPU.ActiveCfg = Debug|Any CPU
		{95FAA409-BA88-4AD4-BEC5-E9B71A18846D}.Debug|Any CPU.Build.0 = Debug|Any CPU
		{95FAA409-BA88-4AD4-BEC5-E9B71A18846D}.Release|Any CPU.ActiveCfg = Release|Any CPU
		{95FAA409-BA88-4AD4-BEC5-E9B71A18846D}.Release|Any CPU.Build.0 = Release|Any CPU
		{72F0F3C2-46CB-42A6-9185-B19676A57A7F}.Debug|Any CPU.ActiveCfg = Debug|Any CPU
		{72F0F3C2-46CB-42A6-9185-B19676A57A7F}.Debug|Any CPU.Build.0 = Debug|Any CPU
		{72F0F3C2-46CB-42A6-9185-B19676A57A7F}.Release|Any CPU.ActiveCfg = Release|Any CPU
		{72F0F3C2-46CB-42A6-9185-B19676A57A7F}.Release|Any CPU.Build.0 = Release|Any CPU
		{3AD59D6A-7743-493C-8928-894D8F0936C8}.Debug|Any CPU.ActiveCfg = Debug|Any CPU
		{3AD59D6A-7743-493C-8928-894D8F0936C8}.Debug|Any CPU.Build.0 = Debug|Any CPU
		{3AD59D6A-7743-493C-8928-894D8F0936C8}.Release|Any CPU.ActiveCfg = Release|Any CPU
		{3AD59D6A-7743-493C-8928-894D8F0936C8}.Release|Any CPU.Build.0 = Release|Any CPU
		{A5DA9C25-3F83-4C88-92B8-20EB34A4DE9B}.Debug|Any CPU.ActiveCfg = Debug|Any CPU
		{A5DA9C25-3F83-4C88-92B8-20EB34A4DE9B}.Debug|Any CPU.Build.0 = Debug|Any CPU
		{A5DA9C25-3F83-4C88-92B8-20EB34A4DE9B}.Release|Any CPU.ActiveCfg = Release|Any CPU
		{A5DA9C25-3F83-4C88-92B8-20EB34A4DE9B}.Release|Any CPU.Build.0 = Release|Any CPU
	EndGlobalSection
	GlobalSection(SolutionProperties) = preSolution
		HideSolutionNode = FALSE
	EndGlobalSection
	GlobalSection(ExtensibilityGlobals) = postSolution
		SolutionGuid = {CAA66258-A0F9-476B-ACCA-C6A33E24522C}
	EndGlobalSection
EndGlobal
